dependencies:
- name: redis
  repository: https://charts.bitnami.com/bitnami
  version: 18.1.2
- name: postgresql
  repository: https://charts.bitnami.com/bitnami
  version: 12.12.4
- name: rafiki-auth
  repository: https://interledger.github.io/helm-charts
  version: 0.2.0
- name: rafiki-backend
  repository: https://interledger.github.io/helm-charts
  version: 0.2.0
- name: rafiki-frontend
  repository: https://interledger.github.io/helm-charts
  version: 0.2.0
digest: sha256:ad46a0f976e9ffb3c3f13ad7a661553077eabc32c3a9390d25be63ce2b6b8da5
generated: "2023-10-04T11:05:02.58370304Z"
