dependencies:
- name: redis
  repository: https://charts.bitnami.com/bitnami
  version: 18.0.4
- name: postgresql
  repository: https://charts.bitnami.com/bitnami
  version: 13.1.0
- name: rafiki-auth
  repository: https://interledger.github.io/helm-charts
  version: 0.2.0
- name: rafiki-backend
  repository: https://interledger.github.io/helm-charts
  version: 0.2.0
- name: rafiki-frontend
  repository: https://interledger.github.io/helm-charts
  version: 0.2.0
digest: sha256:0e7863764cbfb31a13a6fe04adfc7332997604c5c6370259807074370b0d401e
generated: "2023-10-05T09:23:32.34245924Z"
